
Microsoft Visual Studio Solution File, Format Version 12.00
# Visual Studio Version 17
VisualStudioVersion = 17.5.33516.290
MinimumVisualStudioVersion = 10.0.40219.1
Project("{8BC9CEB8-8B4A-11D0-8D11-00A0C91BC942}") = "01_01", "01_01.vcxproj", "{0F2EA8A4-898B-40D7-ACE1-105FBF1FDC9D}"
EndProject
Global
	GlobalSection(SolutionConfigurationPlatforms) = preSolution
		Debug|x64 = Debug|x64
		Release|x64 = Release|x64
	EndGlobalSection
	GlobalSection(ProjectConfigurationPlatforms) = postSolution
		{0F2EA8A4-898B-40D7-ACE1-105FBF1FDC9D}.Debug|x64.ActiveCfg = Debug|x64
		{0F2EA8A4-898B-40D7-ACE1-105FBF1FDC9D}.Debug|x64.Build.0 = Debug|x64
		{0F2EA8A4-898B-40D7-ACE1-105FBF1FDC9D}.Release|x64.ActiveCfg = Release|x64
		{0F2EA8A4-898B-40D7-ACE1-105FBF1FDC9D}.Release|x64.Build.0 = Release|x64
	EndGlobalSection
	GlobalSection(SolutionProperties) = preSolution
		HideSolutionNode = FALSE
	EndGlobalSection
	GlobalSection(ExtensibilityGlobals) = postSolution
		SolutionGuid = {DA156E91-878C-4FCD-8403-7D76B1207847}
	EndGlobalSection
EndGlobal
